
Microsoft Visual Studio Solution File, Format Version 12.00
# Visual Studio Version 17
VisualStudioVersion = 17.14.36518.9
MinimumVisualStudioVersion = 10.0.40219.1
Project("{2150E333-8FDC-42A3-9474-1A3956D46DE8}") = "Task0", "Task0", "{02EA681E-C7D8-13C7-8484-4AC65E1B71E8}"
EndProject
Project("{FAE04EC0-301F-11D3-BF4B-00C04F79EFBC}") = "Tyuiu.Shahab4.Sprint4.Task0.V23", "Tyuiu.Shahab4.Sprint4.Task0.V23\Tyuiu.Shahab4.Sprint4.Task0.V23.csproj", "{CC06B267-3FCE-4BF4-9B65-3A6F1158B041}"
EndProject
Project("{FAE04EC0-301F-11D3-BF4B-00C04F79EFBC}") = "Tyuiu.Shahab4.Sprint4.Task0.V23.Lib", "Tyuiu.Shahab4.Sprint4.Task0.V23.Lib\Tyuiu.Shahab4.Sprint4.Task0.V23.Lib.csproj", "{FDB72B5F-C6F8-4B69-A38E-DE20042349F9}"
EndProject
Project("{FAE04EC0-301F-11D3-BF4B-00C04F79EFBC}") = "Tyuiu.Shahab4.Sprint4.Task0.V23.Test", "Tyuiu.Shahab4.Sprint4.Task0.V23.Test\Tyuiu.Shahab4.Sprint4.Task0.V23.Test.csproj", "{9FE2E341-9535-4ABF-AF2F-70DAEE8D650A}"
EndProject
Project("{2150E333-8FDC-42A3-9474-1A3956D46DE8}") = "Task1", "Task1", "{06F5368D-8AD8-4796-A636-9C2E184D088E}"
EndProject
Project("{FAE04EC0-301F-11D3-BF4B-00C04F79EFBC}") = "Tyuiu.Shahab4.Sprint4.Task1.V16", "Tyuiu.Shahab4.Sprint4.Task1.V16\Tyuiu.Shahab4.Sprint4.Task1.V16.csproj", "{F4E0C98B-6487-44A2-9C87-89965DD8C171}"
EndProject
Project("{FAE04EC0-301F-11D3-BF4B-00C04F79EFBC}") = "Tyuiu.Shahab4.Sprint4.Task1.V16.Lib", "Tyuiu.Shahab4.Sprint4.Task1.V16.Lib\Tyuiu.Shahab4.Sprint4.Task1.V16.Lib.csproj", "{17174963-48CF-4F7E-B7E1-4A346EB57264}"
EndProject
Project("{FAE04EC0-301F-11D3-BF4B-00C04F79EFBC}") = "Tyuiu.Shahab4.Sprint4.Task1.V16.Test", "Tyuiu.Shahab4.Sprint4.Task1.V16.Test\Tyuiu.Shahab4.Sprint4.Task1.V16.Test.csproj", "{EAC94ACA-8A41-41DF-ADEC-D1C71770681A}"
EndProject
Project("{2150E333-8FDC-42A3-9474-1A3956D46DE8}") = "Task2", "Task2", "{609227B9-BDAD-4559-88A9-848D9468895D}"
EndProject
Project("{FAE04EC0-301F-11D3-BF4B-00C04F79EFBC}") = "Tyuiu.Shahab4.Sprint4.Task2.V3", "Tyuiu.Shahab4.Sprint4.Task2.V3\Tyuiu.Shahab4.Sprint4.Task2.V3.csproj", "{FA6F9DD9-814E-4C4F-917E-0450B9E54CDF}"
EndProject
Project("{FAE04EC0-301F-11D3-BF4B-00C04F79EFBC}") = "Tyuiu.Shahab4.Sprint4.Task2.V3.Lib", "Tyuiu.Shahab4.Sprint4.Task2.V3.Lib\Tyuiu.Shahab4.Sprint4.Task2.V3.Lib.csproj", "{B7DD75A4-CCCD-4360-8A0F-BD925C56A87B}"
EndProject
Project("{FAE04EC0-301F-11D3-BF4B-00C04F79EFBC}") = "Tyuiu.Shahab4.Sprint4.Task2.V3.Test", "Tyuiu.Shahab4.Sprint4.Task2.V3.Test\Tyuiu.Shahab4.Sprint4.Task2.V3.Test.csproj", "{4B177ACF-470C-4D5C-B46B-46E9BC974326}"
EndProject
Project("{2150E333-8FDC-42A3-9474-1A3956D46DE8}") = "Task3", "Task3", "{E4E917A8-4002-4C2C-BBFA-57EA753CAA1B}"
EndProject
Project("{FAE04EC0-301F-11D3-BF4B-00C04F79EFBC}") = "Tyuiu.Shahab4.Sprint4.Task3.V30", "Tyuiu.Shahab4.Sprint4.Task3.V30\Tyuiu.Shahab4.Sprint4.Task3.V30.csproj", "{4DA98590-FC6A-46DF-88CD-D16F59946F4A}"
EndProject
Project("{FAE04EC0-301F-11D3-BF4B-00C04F79EFBC}") = "Tyuiu.Shahab4.Sprint4.Task3.V30.Lib", "Tyuiu.Shahab4.Sprint4.Task3.V30.Lib\Tyuiu.Shahab4.Sprint4.Task3.V30.Lib.csproj", "{2DA53349-D5E6-4D1B-9B60-64B87A45F9BA}"
EndProject
Project("{FAE04EC0-301F-11D3-BF4B-00C04F79EFBC}") = "Tyuiu.Shahab4.Sprint4.Task3.V30.Test", "Tyuiu.Shahab4.Sprint4.Task3.V30.Test\Tyuiu.Shahab4.Sprint4.Task3.V30.Test.csproj", "{78D69C45-5318-4D7D-994D-7C4896AAB477}"
EndProject
Project("{2150E333-8FDC-42A3-9474-1A3956D46DE8}") = "Task4", "Task4", "{D7E68A65-52AB-468B-AF00-B8C57A149D58}"
EndProject
Project("{FAE04EC0-301F-11D3-BF4B-00C04F79EFBC}") = "Tyuiu.Shahab4.Sprint4.Task4.V6", "Tyuiu.Shahab4.Sprint4.Task4.V6\Tyuiu.Shahab4.Sprint4.Task4.V6.csproj", "{9F1AD95C-8CEB-4FAF-A5E8-046F459DBC9B}"
EndProject
Project("{FAE04EC0-301F-11D3-BF4B-00C04F79EFBC}") = "Tyuiu.Shahab4.Sprint4.Task4.V6.Lib", "Tyuiu.Shahab4.Sprint4.Task4.V6.Lib\Tyuiu.Shahab4.Sprint4.Task4.V6.Lib.csproj", "{C1BBB975-8B35-4542-B12F-D7918C339F8F}"
EndProject
Project("{FAE04EC0-301F-11D3-BF4B-00C04F79EFBC}") = "Tyuiu.Shahab4.Sprint4.Task4.V6.Test", "Tyuiu.Shahab4.Sprint4.Task4.V6.Test\Tyuiu.Shahab4.Sprint4.Task4.V6.Test.csproj", "{F066392C-ECBD-488D-BDA9-5891E0655502}"
EndProject
Project("{2150E333-8FDC-42A3-9474-1A3956D46DE8}") = "Task5", "Task5", "{F2878203-A2A0-466C-A49F-92DDA90F85A5}"
EndProject
Project("{FAE04EC0-301F-11D3-BF4B-00C04F79EFBC}") = "Tyuiu.Shahab4.Sprint4.Task5.V18", "Tyuiu.Shahab4.Sprint4.Task5.V18\Tyuiu.Shahab4.Sprint4.Task5.V18.csproj", "{B8D774AE-7623-4BFD-9E38-E9D8546D2D35}"
EndProject
Project("{FAE04EC0-301F-11D3-BF4B-00C04F79EFBC}") = "Tyuiu.Shahab4.Sprint4.Task5.V18.Lib", "Tyuiu.Shahab4.Sprint4.Task5.V18.Lib\Tyuiu.Shahab4.Sprint4.Task5.V18.Lib.csproj", "{61AFEB86-F615-4A14-892C-1E55679FCE6C}"
EndProject
Project("{FAE04EC0-301F-11D3-BF4B-00C04F79EFBC}") = "Tyuiu.Shahab4.Sprint4.Task5.V18.Test", "Tyuiu.Shahab4.Sprint4.Task5.V18.Test\Tyuiu.Shahab4.Sprint4.Task5.V18.Test.csproj", "{8F43D027-DBBE-456D-BCCC-41D19019F40F}"
EndProject
Global
	GlobalSection(SolutionConfigurationPlatforms) = preSolution
		Debug|Any CPU = Debug|Any CPU
		Release|Any CPU = Release|Any CPU
	EndGlobalSection
	GlobalSection(ProjectConfigurationPlatforms) = postSolution
		{CC06B267-3FCE-4BF4-9B65-3A6F1158B041}.Debug|Any CPU.ActiveCfg = Debug|Any CPU
		{CC06B267-3FCE-4BF4-9B65-3A6F1158B041}.Debug|Any CPU.Build.0 = Debug|Any CPU
		{CC06B267-3FCE-4BF4-9B65-3A6F1158B041}.Release|Any CPU.ActiveCfg = Release|Any CPU
		{CC06B267-3FCE-4BF4-9B65-3A6F1158B041}.Release|Any CPU.Build.0 = Release|Any CPU
		{FDB72B5F-C6F8-4B69-A38E-DE20042349F9}.Debug|Any CPU.ActiveCfg = Debug|Any CPU
		{FDB72B5F-C6F8-4B69-A38E-DE20042349F9}.Debug|Any CPU.Build.0 = Debug|Any CPU
		{FDB72B5F-C6F8-4B69-A38E-DE20042349F9}.Release|Any CPU.ActiveCfg = Release|Any CPU
		{FDB72B5F-C6F8-4B69-A38E-DE20042349F9}.Release|Any CPU.Build.0 = Release|Any CPU
		{9FE2E341-9535-4ABF-AF2F-70DAEE8D650A}.Debug|Any CPU.ActiveCfg = Debug|Any CPU
		{9FE2E341-9535-4ABF-AF2F-70DAEE8D650A}.Debug|Any CPU.Build.0 = Debug|Any CPU
		{9FE2E341-9535-4ABF-AF2F-70DAEE8D650A}.Release|Any CPU.ActiveCfg = Release|Any CPU
		{9FE2E341-9535-4ABF-AF2F-70DAEE8D650A}.Release|Any CPU.Build.0 = Release|Any CPU
		{F4E0C98B-6487-44A2-9C87-89965DD8C171}.Debug|Any CPU.ActiveCfg = Debug|Any CPU
		{F4E0C98B-6487-44A2-9C87-89965DD8C171}.Debug|Any CPU.Build.0 = Debug|Any CPU
		{F4E0C98B-6487-44A2-9C87-89965DD8C171}.Release|Any CPU.ActiveCfg = Release|Any CPU
		{F4E0C98B-6487-44A2-9C87-89965DD8C171}.Release|Any CPU.Build.0 = Release|Any CPU
		{17174963-48CF-4F7E-B7E1-4A346EB57264}.Debug|Any CPU.ActiveCfg = Debug|Any CPU
		{17174963-48CF-4F7E-B7E1-4A346EB57264}.Debug|Any CPU.Build.0 = Debug|Any CPU
		{17174963-48CF-4F7E-B7E1-4A346EB57264}.Release|Any CPU.ActiveCfg = Release|Any CPU
		{17174963-48CF-4F7E-B7E1-4A346EB57264}.Release|Any CPU.Build.0 = Release|Any CPU
		{EAC94ACA-8A41-41DF-ADEC-D1C71770681A}.Debug|Any CPU.ActiveCfg = Debug|Any CPU
		{EAC94ACA-8A41-41DF-ADEC-D1C71770681A}.Debug|Any CPU.Build.0 = Debug|Any CPU
		{EAC94ACA-8A41-41DF-ADEC-D1C71770681A}.Release|Any CPU.ActiveCfg = Release|Any CPU
		{EAC94ACA-8A41-41DF-ADEC-D1C71770681A}.Release|Any CPU.Build.0 = Release|Any CPU
		{FA6F9DD9-814E-4C4F-917E-0450B9E54CDF}.Debug|Any CPU.ActiveCfg = Debug|Any CPU
		{FA6F9DD9-814E-4C4F-917E-0450B9E54CDF}.Debug|Any CPU.Build.0 = Debug|Any CPU
		{FA6F9DD9-814E-4C4F-917E-0450B9E54CDF}.Release|Any CPU.ActiveCfg = Release|Any CPU
		{FA6F9DD9-814E-4C4F-917E-0450B9E54CDF}.Release|Any CPU.Build.0 = Release|Any CPU
		{B7DD75A4-CCCD-4360-8A0F-BD925C56A87B}.Debug|Any CPU.ActiveCfg = Debug|Any CPU
		{B7DD75A4-CCCD-4360-8A0F-BD925C56A87B}.Debug|Any CPU.Build.0 = Debug|Any CPU
		{B7DD75A4-CCCD-4360-8A0F-BD925C56A87B}.Release|Any CPU.ActiveCfg = Release|Any CPU
		{B7DD75A4-CCCD-4360-8A0F-BD925C56A87B}.Release|Any CPU.Build.0 = Release|Any CPU
		{4B177ACF-470C-4D5C-B46B-46E9BC974326}.Debug|Any CPU.ActiveCfg = Debug|Any CPU
		{4B177ACF-470C-4D5C-B46B-46E9BC974326}.Debug|Any CPU.Build.0 = Debug|Any CPU
		{4B177ACF-470C-4D5C-B46B-46E9BC974326}.Release|Any CPU.ActiveCfg = Release|Any CPU
		{4B177ACF-470C-4D5C-B46B-46E9BC974326}.Release|Any CPU.Build.0 = Release|Any CPU
		{4DA98590-FC6A-46DF-88CD-D16F59946F4A}.Debug|Any CPU.ActiveCfg = Debug|Any CPU
		{4DA98590-FC6A-46DF-88CD-D16F59946F4A}.Debug|Any CPU.Build.0 = Debug|Any CPU
		{4DA98590-FC6A-46DF-88CD-D16F59946F4A}.Release|Any CPU.ActiveCfg = Release|Any CPU
		{4DA98590-FC6A-46DF-88CD-D16F59946F4A}.Release|Any CPU.Build.0 = Release|Any CPU
		{2DA53349-D5E6-4D1B-9B60-64B87A45F9BA}.Debug|Any CPU.ActiveCfg = Debug|Any CPU
		{2DA53349-D5E6-4D1B-9B60-64B87A45F9BA}.Debug|Any CPU.Build.0 = Debug|Any CPU
		{2DA53349-D5E6-4D1B-9B60-64B87A45F9BA}.Release|Any CPU.ActiveCfg = Release|Any CPU
		{2DA53349-D5E6-4D1B-9B60-64B87A45F9BA}.Release|Any CPU.Build.0 = Release|Any CPU
		{78D69C45-5318-4D7D-994D-7C4896AAB477}.Debug|Any CPU.ActiveCfg = Debug|Any CPU
		{78D69C45-5318-4D7D-994D-7C4896AAB477}.Debug|Any CPU.Build.0 = Debug|Any CPU
		{78D69C45-5318-4D7D-994D-7C4896AAB477}.Release|Any CPU.ActiveCfg = Release|Any CPU
		{78D69C45-5318-4D7D-994D-7C4896AAB477}.Release|Any CPU.Build.0 = Release|Any CPU
		{9F1AD95C-8CEB-4FAF-A5E8-046F459DBC9B}.Debug|Any CPU.ActiveCfg = Debug|Any CPU
		{9F1AD95C-8CEB-4FAF-A5E8-046F459DBC9B}.Debug|Any CPU.Build.0 = Debug|Any CPU
		{9F1AD95C-8CEB-4FAF-A5E8-046F459DBC9B}.Release|Any CPU.ActiveCfg = Release|Any CPU
		{9F1AD95C-8CEB-4FAF-A5E8-046F459DBC9B}.Release|Any CPU.Build.0 = Release|Any CPU
		{C1BBB975-8B35-4542-B12F-D7918C339F8F}.Debug|Any CPU.ActiveCfg = Debug|Any CPU
		{C1BBB975-8B35-4542-B12F-D7918C339F8F}.Debug|Any CPU.Build.0 = Debug|Any CPU
		{C1BBB975-8B35-4542-B12F-D7918C339F8F}.Release|Any CPU.ActiveCfg = Release|Any CPU
		{C1BBB975-8B35-4542-B12F-D7918C339F8F}.Release|Any CPU.Build.0 = Release|Any CPU
		{F066392C-ECBD-488D-BDA9-5891E0655502}.Debug|Any CPU.ActiveCfg = Debug|Any CPU
		{F066392C-ECBD-488D-BDA9-5891E0655502}.Debug|Any CPU.Build.0 = Debug|Any CPU
		{F066392C-ECBD-488D-BDA9-5891E0655502}.Release|Any CPU.ActiveCfg = Release|Any CPU
		{F066392C-ECBD-488D-BDA9-5891E0655502}.Release|Any CPU.Build.0 = Release|Any CPU
		{B8D774AE-7623-4BFD-9E38-E9D8546D2D35}.Debug|Any CPU.ActiveCfg = Debug|Any CPU
		{B8D774AE-7623-4BFD-9E38-E9D8546D2D35}.Debug|Any CPU.Build.0 = Debug|Any CPU
		{B8D774AE-7623-4BFD-9E38-E9D8546D2D35}.Release|Any CPU.ActiveCfg = Release|Any CPU
		{B8D774AE-7623-4BFD-9E38-E9D8546D2D35}.Release|Any CPU.Build.0 = Release|Any CPU
		{61AFEB86-F615-4A14-892C-1E55679FCE6C}.Debug|Any CPU.ActiveCfg = Debug|Any CPU
		{61AFEB86-F615-4A14-892C-1E55679FCE6C}.Debug|Any CPU.Build.0 = Debug|Any CPU
		{61AFEB86-F615-4A14-892C-1E55679FCE6C}.Release|Any CPU.ActiveCfg = Release|Any CPU
		{61AFEB86-F615-4A14-892C-1E55679FCE6C}.Release|Any CPU.Build.0 = Release|Any CPU
		{8F43D027-DBBE-456D-BCCC-41D19019F40F}.Debug|Any CPU.ActiveCfg = Debug|Any CPU
		{8F43D027-DBBE-456D-BCCC-41D19019F40F}.Debug|Any CPU.Build.0 = Debug|Any CPU
		{8F43D027-DBBE-456D-BCCC-41D19019F40F}.Release|Any CPU.ActiveCfg = Release|Any CPU
		{8F43D027-DBBE-456D-BCCC-41D19019F40F}.Release|Any CPU.Build.0 = Release|Any CPU
	EndGlobalSection
	GlobalSection(SolutionProperties) = preSolution
		HideSolutionNode = FALSE
	EndGlobalSection
	GlobalSection(NestedProjects) = preSolution
		{CC06B267-3FCE-4BF4-9B65-3A6F1158B041} = {02EA681E-C7D8-13C7-8484-4AC65E1B71E8}
		{FDB72B5F-C6F8-4B69-A38E-DE20042349F9} = {02EA681E-C7D8-13C7-8484-4AC65E1B71E8}
		{9FE2E341-9535-4ABF-AF2F-70DAEE8D650A} = {02EA681E-C7D8-13C7-8484-4AC65E1B71E8}
		{F4E0C98B-6487-44A2-9C87-89965DD8C171} = {06F5368D-8AD8-4796-A636-9C2E184D088E}
		{17174963-48CF-4F7E-B7E1-4A346EB57264} = {06F5368D-8AD8-4796-A636-9C2E184D088E}
		{EAC94ACA-8A41-41DF-ADEC-D1C71770681A} = {06F5368D-8AD8-4796-A636-9C2E184D088E}
		{FA6F9DD9-814E-4C4F-917E-0450B9E54CDF} = {609227B9-BDAD-4559-88A9-848D9468895D}
		{B7DD75A4-CCCD-4360-8A0F-BD925C56A87B} = {609227B9-BDAD-4559-88A9-848D9468895D}
		{4B177ACF-470C-4D5C-B46B-46E9BC974326} = {609227B9-BDAD-4559-88A9-848D9468895D}
		{4DA98590-FC6A-46DF-88CD-D16F59946F4A} = {E4E917A8-4002-4C2C-BBFA-57EA753CAA1B}
		{2DA53349-D5E6-4D1B-9B60-64B87A45F9BA} = {E4E917A8-4002-4C2C-BBFA-57EA753CAA1B}
		{78D69C45-5318-4D7D-994D-7C4896AAB477} = {E4E917A8-4002-4C2C-BBFA-57EA753CAA1B}
		{9F1AD95C-8CEB-4FAF-A5E8-046F459DBC9B} = {D7E68A65-52AB-468B-AF00-B8C57A149D58}
		{C1BBB975-8B35-4542-B12F-D7918C339F8F} = {D7E68A65-52AB-468B-AF00-B8C57A149D58}
		{F066392C-ECBD-488D-BDA9-5891E0655502} = {D7E68A65-52AB-468B-AF00-B8C57A149D58}
		{B8D774AE-7623-4BFD-9E38-E9D8546D2D35} = {F2878203-A2A0-466C-A49F-92DDA90F85A5}
		{61AFEB86-F615-4A14-892C-1E55679FCE6C} = {F2878203-A2A0-466C-A49F-92DDA90F85A5}
		{8F43D027-DBBE-456D-BCCC-41D19019F40F} = {F2878203-A2A0-466C-A49F-92DDA90F85A5}
	EndGlobalSection
	GlobalSection(ExtensibilityGlobals) = postSolution
		SolutionGuid = {54F6C700-EC91-4949-97BD-B53D8746ADB3}
	EndGlobalSection
EndGlobal
