
Microsoft Visual Studio Solution File, Format Version 12.00
# Visual Studio Version 17
VisualStudioVersion = 17.14.36518.9 d17.14
MinimumVisualStudioVersion = 10.0.40219.1
Project("{2150E333-8FDC-42A3-9474-1A3956D46DE8}") = "Task0", "Task0", "{02EA681E-C7D8-13C7-8484-4AC65E1B71E8}"
EndProject
Project("{FAE04EC0-301F-11D3-BF4B-00C04F79EFBC}") = "Tyuiu.Shahab4.Sprint4.Task0.V23", "Tyuiu.Shahab4.Sprint4.Task0.V23\Tyuiu.Shahab4.Sprint4.Task0.V23.csproj", "{CC06B267-3FCE-4BF4-9B65-3A6F1158B041}"
EndProject
Project("{FAE04EC0-301F-11D3-BF4B-00C04F79EFBC}") = "Tyuiu.Shahab4.Sprint4.Task0.V23.Lib", "Tyuiu.Shahab4.Sprint4.Task0.V23.Lib\Tyuiu.Shahab4.Sprint4.Task0.V23.Lib.csproj", "{FDB72B5F-C6F8-4B69-A38E-DE20042349F9}"
EndProject
Project("{FAE04EC0-301F-11D3-BF4B-00C04F79EFBC}") = "Tyuiu.Shahab4.Sprint4.Task0.V23.Test", "Tyuiu.Shahab4.Sprint4.Task0.V23.Test\Tyuiu.Shahab4.Sprint4.Task0.V23.Test.csproj", "{9FE2E341-9535-4ABF-AF2F-70DAEE8D650A}"
EndProject
Project("{2150E333-8FDC-42A3-9474-1A3956D46DE8}") = "Task1", "Task1", "{AFFA7E57-9939-4EBE-94D5-DE1FA36DA098}"
EndProject
Project("{FAE04EC0-301F-11D3-BF4B-00C04F79EFBC}") = "Tyuiu.Shahab4.Sprint4.Task2.V16", "Tyuiu.Shahab4.Sprint4.Task2.V16\Tyuiu.Shahab4.Sprint4.Task2.V16.csproj", "{DCE427F6-D8D4-47AC-8D98-19DF054F7605}"
EndProject
Project("{FAE04EC0-301F-11D3-BF4B-00C04F79EFBC}") = "Tyuiu.Shahab4.Sprint4.Task2.V16.Lib", "Tyuiu.Shahab4.Sprint4.Task2.V16.Lib\Tyuiu.Shahab4.Sprint4.Task2.V16.Lib.csproj", "{3514F2CE-33E1-41E1-B5AD-6A46D8201CD0}"
EndProject
Project("{FAE04EC0-301F-11D3-BF4B-00C04F79EFBC}") = "Tyuiu.Shahab4.Sprint4.Task2.V16.Test", "Tyuiu.Shahab4.Sprint4.Task2.V16.Test\Tyuiu.Shahab4.Sprint4.Task2.V16.Test.csproj", "{1B08781D-7E0C-41AD-A057-76448F7A21BE}"
EndProject
Global
	GlobalSection(SolutionConfigurationPlatforms) = preSolution
		Debug|Any CPU = Debug|Any CPU
		Release|Any CPU = Release|Any CPU
	EndGlobalSection
	GlobalSection(ProjectConfigurationPlatforms) = postSolution
		{CC06B267-3FCE-4BF4-9B65-3A6F1158B041}.Debug|Any CPU.ActiveCfg = Debug|Any CPU
		{CC06B267-3FCE-4BF4-9B65-3A6F1158B041}.Debug|Any CPU.Build.0 = Debug|Any CPU
		{CC06B267-3FCE-4BF4-9B65-3A6F1158B041}.Release|Any CPU.ActiveCfg = Release|Any CPU
		{CC06B267-3FCE-4BF4-9B65-3A6F1158B041}.Release|Any CPU.Build.0 = Release|Any CPU
		{FDB72B5F-C6F8-4B69-A38E-DE20042349F9}.Debug|Any CPU.ActiveCfg = Debug|Any CPU
		{FDB72B5F-C6F8-4B69-A38E-DE20042349F9}.Debug|Any CPU.Build.0 = Debug|Any CPU
		{FDB72B5F-C6F8-4B69-A38E-DE20042349F9}.Release|Any CPU.ActiveCfg = Release|Any CPU
		{FDB72B5F-C6F8-4B69-A38E-DE20042349F9}.Release|Any CPU.Build.0 = Release|Any CPU
		{9FE2E341-9535-4ABF-AF2F-70DAEE8D650A}.Debug|Any CPU.ActiveCfg = Debug|Any CPU
		{9FE2E341-9535-4ABF-AF2F-70DAEE8D650A}.Debug|Any CPU.Build.0 = Debug|Any CPU
		{9FE2E341-9535-4ABF-AF2F-70DAEE8D650A}.Release|Any CPU.ActiveCfg = Release|Any CPU
		{9FE2E341-9535-4ABF-AF2F-70DAEE8D650A}.Release|Any CPU.Build.0 = Release|Any CPU
		{DCE427F6-D8D4-47AC-8D98-19DF054F7605}.Debug|Any CPU.ActiveCfg = Debug|Any CPU
		{DCE427F6-D8D4-47AC-8D98-19DF054F7605}.Debug|Any CPU.Build.0 = Debug|Any CPU
		{DCE427F6-D8D4-47AC-8D98-19DF054F7605}.Release|Any CPU.ActiveCfg = Release|Any CPU
		{DCE427F6-D8D4-47AC-8D98-19DF054F7605}.Release|Any CPU.Build.0 = Release|Any CPU
		{3514F2CE-33E1-41E1-B5AD-6A46D8201CD0}.Debug|Any CPU.ActiveCfg = Debug|Any CPU
		{3514F2CE-33E1-41E1-B5AD-6A46D8201CD0}.Debug|Any CPU.Build.0 = Debug|Any CPU
		{3514F2CE-33E1-41E1-B5AD-6A46D8201CD0}.Release|Any CPU.ActiveCfg = Release|Any CPU
		{3514F2CE-33E1-41E1-B5AD-6A46D8201CD0}.Release|Any CPU.Build.0 = Release|Any CPU
		{1B08781D-7E0C-41AD-A057-76448F7A21BE}.Debug|Any CPU.ActiveCfg = Debug|Any CPU
		{1B08781D-7E0C-41AD-A057-76448F7A21BE}.Debug|Any CPU.Build.0 = Debug|Any CPU
		{1B08781D-7E0C-41AD-A057-76448F7A21BE}.Release|Any CPU.ActiveCfg = Release|Any CPU
		{1B08781D-7E0C-41AD-A057-76448F7A21BE}.Release|Any CPU.Build.0 = Release|Any CPU
	EndGlobalSection
	GlobalSection(SolutionProperties) = preSolution
		HideSolutionNode = FALSE
	EndGlobalSection
	GlobalSection(NestedProjects) = preSolution
		{CC06B267-3FCE-4BF4-9B65-3A6F1158B041} = {02EA681E-C7D8-13C7-8484-4AC65E1B71E8}
		{FDB72B5F-C6F8-4B69-A38E-DE20042349F9} = {02EA681E-C7D8-13C7-8484-4AC65E1B71E8}
		{9FE2E341-9535-4ABF-AF2F-70DAEE8D650A} = {02EA681E-C7D8-13C7-8484-4AC65E1B71E8}
		{DCE427F6-D8D4-47AC-8D98-19DF054F7605} = {AFFA7E57-9939-4EBE-94D5-DE1FA36DA098}
		{3514F2CE-33E1-41E1-B5AD-6A46D8201CD0} = {AFFA7E57-9939-4EBE-94D5-DE1FA36DA098}
		{1B08781D-7E0C-41AD-A057-76448F7A21BE} = {AFFA7E57-9939-4EBE-94D5-DE1FA36DA098}
	EndGlobalSection
	GlobalSection(ExtensibilityGlobals) = postSolution
		SolutionGuid = {54F6C700-EC91-4949-97BD-B53D8746ADB3}
	EndGlobalSection
EndGlobal
